
Microsoft Visual Studio Solution File, Format Version 12.00
# Visual Studio Version 17
VisualStudioVersion = 17.0.31903.59
MinimumVisualStudioVersion = 10.0.40219.1
Project("{9A19103F-16F7-4668-BE54-9A1E7A4F7556}") = "Tiveria.Home.Modbus", "src\Tiveria.Home.Modbus\Tiveria.Home.Modbus.csproj", "{C9E82D3C-CF26-43AD-8CAD-943A634577F2}"
EndProject
Project("{2150E333-8FDC-42A3-9474-1A3956D46DE8}") = "Solution Items", "Solution Items", "{085132AD-24E6-47AA-B288-3FEB30584D29}"
	ProjectSection(SolutionItems) = preProject
		LICENSE = LICENSE
		README.md = README.md
	EndProjectSection
EndProject
Project("{FAE04EC0-301F-11D3-BF4B-00C04F79EFBC}") = "Tiveria.Home.Modbus.SampleConsoleApp", "src\Tiveria.Home.Modbus.SampleConsoleApp\Tiveria.Home.Modbus.SampleConsoleApp.csproj", "{E4AE3692-9046-4824-B89B-639FDB618647}"
EndProject
Global
	GlobalSection(SolutionConfigurationPlatforms) = preSolution
		Debug|Any CPU = Debug|Any CPU
		Release|Any CPU = Release|Any CPU
	EndGlobalSection
	GlobalSection(ProjectConfigurationPlatforms) = postSolution
		{C9E82D3C-CF26-43AD-8CAD-943A634577F2}.Debug|Any CPU.ActiveCfg = Debug|Any CPU
		{C9E82D3C-CF26-43AD-8CAD-943A634577F2}.Debug|Any CPU.Build.0 = Debug|Any CPU
		{C9E82D3C-CF26-43AD-8CAD-943A634577F2}.Release|Any CPU.ActiveCfg = Release|Any CPU
		{C9E82D3C-CF26-43AD-8CAD-943A634577F2}.Release|Any CPU.Build.0 = Release|Any CPU
		{E4AE3692-9046-4824-B89B-639FDB618647}.Debug|Any CPU.ActiveCfg = Debug|Any CPU
		{E4AE3692-9046-4824-B89B-639FDB618647}.Debug|Any CPU.Build.0 = Debug|Any CPU
		{E4AE3692-9046-4824-B89B-639FDB618647}.Release|Any CPU.ActiveCfg = Release|Any CPU
		{E4AE3692-9046-4824-B89B-639FDB618647}.Release|Any CPU.Build.0 = Release|Any CPU
	EndGlobalSection
	GlobalSection(SolutionProperties) = preSolution
		HideSolutionNode = FALSE
	EndGlobalSection
	GlobalSection(ExtensibilityGlobals) = postSolution
		SolutionGuid = {5D4AAD2D-0D15-49F1-A4C2-5C1787ADC5FD}
	EndGlobalSection
EndGlobal
